// !$*UTF8*$!
{
	archiveVersion = 1;
	classes = {
	};
	objectVersion = 50;
	objects = {

/* Begin PBXBuildFile section */
		5731BC7E21B82FAF004C9591 /* AppDelegate.swift in Sources */ = {isa = PBXBuildFile; fileRef = 5731BC7D21B82FAF004C9591 /* AppDelegate.swift */; };
		5731BC8021B82FAF004C9591 /* MovieSearchController.swift in Sources */ = {isa = PBXBuildFile; fileRef = 5731BC7F21B82FAF004C9591 /* MovieSearchController.swift */; };
		5731BC8321B82FAF004C9591 /* Main.storyboard in Resources */ = {isa = PBXBuildFile; fileRef = 5731BC8121B82FAF004C9591 /* Main.storyboard */; };
		5731BC8521B82FB0004C9591 /* Assets.xcassets in Resources */ = {isa = PBXBuildFile; fileRef = 5731BC8421B82FB0004C9591 /* Assets.xcassets */; };
		5731BC8821B82FB0004C9591 /* LaunchScreen.storyboard in Resources */ = {isa = PBXBuildFile; fileRef = 5731BC8621B82FB0004C9591 /* LaunchScreen.storyboard */; };
		5731BC9121B82FE1004C9591 /* Movie.swift in Sources */ = {isa = PBXBuildFile; fileRef = 5731BC9021B82FE1004C9591 /* Movie.swift */; };
		5731BC9321B82FFA004C9591 /* MovieSearchAPI.swift in Sources */ = {isa = PBXBuildFile; fileRef = 5731BC9221B82FFA004C9591 /* MovieSearchAPI.swift */; };
		5731BC9B21B83531004C9591 /* MovieSearchAPITests.swift in Sources */ = {isa = PBXBuildFile; fileRef = 5731BC9A21B83531004C9591 /* MovieSearchAPITests.swift */; };
/* End PBXBuildFile section */

/* Begin PBXContainerItemProxy section */
		5731BC9D21B83531004C9591 /* PBXContainerItemProxy */ = {
			isa = PBXContainerItemProxy;
			containerPortal = 5731BC7221B82FAF004C9591 /* Project object */;
			proxyType = 1;
			remoteGlobalIDString = 5731BC7921B82FAF004C9591;
			remoteInfo = MovieSearch;
		};
/* End PBXContainerItemProxy section */

/* Begin PBXFileReference section */
		5731BC7A21B82FAF004C9591 /* MovieSearch.app */ = {isa = PBXFileReference; explicitFileType = wrapper.application; includeInIndex = 0; path = MovieSearch.app; sourceTree = BUILT_PRODUCTS_DIR; };
		5731BC7D21B82FAF004C9591 /* AppDelegate.swift */ = {isa = PBXFileReference; lastKnownFileType = sourcecode.swift; path = AppDelegate.swift; sourceTree = "<group>"; };
		5731BC7F21B82FAF004C9591 /* MovieSearchController.swift */ = {isa = PBXFileReference; lastKnownFileType = sourcecode.swift; path = MovieSearchController.swift; sourceTree = "<group>"; };
		5731BC8221B82FAF004C9591 /* Base */ = {isa = PBXFileReference; lastKnownFileType = file.storyboard; name = Base; path = Base.lproj/Main.storyboard; sourceTree = "<group>"; };
		5731BC8421B82FB0004C9591 /* Assets.xcassets */ = {isa = PBXFileReference; lastKnownFileType = folder.assetcatalog; path = Assets.xcassets; sourceTree = "<group>"; };
		5731BC8721B82FB0004C9591 /* Base */ = {isa = PBXFileReference; lastKnownFileType = file.storyboard; name = Base; path = Base.lproj/LaunchScreen.storyboard; sourceTree = "<group>"; };
		5731BC8921B82FB0004C9591 /* Info.plist */ = {isa = PBXFileReference; lastKnownFileType = text.plist.xml; path = Info.plist; sourceTree = "<group>"; };
		5731BC9021B82FE1004C9591 /* Movie.swift */ = {isa = PBXFileReference; lastKnownFileType = sourcecode.swift; path = Movie.swift; sourceTree = "<group>"; };
		5731BC9221B82FFA004C9591 /* MovieSearchAPI.swift */ = {isa = PBXFileReference; lastKnownFileType = sourcecode.swift; path = MovieSearchAPI.swift; sourceTree = "<group>"; };
		5731BC9821B83531004C9591 /* MovieSearchAPITests.xctest */ = {isa = PBXFileReference; explicitFileType = wrapper.cfbundle; includeInIndex = 0; path = MovieSearchAPITests.xctest; sourceTree = BUILT_PRODUCTS_DIR; };
		5731BC9A21B83531004C9591 /* MovieSearchAPITests.swift */ = {isa = PBXFileReference; lastKnownFileType = sourcecode.swift; path = MovieSearchAPITests.swift; sourceTree = "<group>"; };
		5731BC9C21B83531004C9591 /* Info.plist */ = {isa = PBXFileReference; lastKnownFileType = text.plist.xml; path = Info.plist; sourceTree = "<group>"; };
/* End PBXFileReference section */

/* Begin PBXFrameworksBuildPhase section */
		5731BC7721B82FAF004C9591 /* Frameworks */ = {
			isa = PBXFrameworksBuildPhase;
			buildActionMask = 2147483647;
			files = (
			);
			runOnlyForDeploymentPostprocessing = 0;
		};
		5731BC9521B83531004C9591 /* Frameworks */ = {
			isa = PBXFrameworksBuildPhase;
			buildActionMask = 2147483647;
			files = (
			);
			runOnlyForDeploymentPostprocessing = 0;
		};
/* End PBXFrameworksBuildPhase section */

/* Begin PBXGroup section */
		5731BC7121B82FAF004C9591 = {
			isa = PBXGroup;
			children = (
				5731BC7C21B82FAF004C9591 /* MovieSearch */,
				5731BC9921B83531004C9591 /* MovieSearchAPITests */,
				5731BC7B21B82FAF004C9591 /* Products */,
			);
			sourceTree = "<group>";
		};
		5731BC7B21B82FAF004C9591 /* Products */ = {
			isa = PBXGroup;
			children = (
				5731BC7A21B82FAF004C9591 /* MovieSearch.app */,
				5731BC9821B83531004C9591 /* MovieSearchAPITests.xctest */,
			);
			name = Products;
			sourceTree = "<group>";
		};
		5731BC7C21B82FAF004C9591 /* MovieSearch */ = {
			isa = PBXGroup;
			children = (
				5731BCA321B84E4D004C9591 /* Network Services */,
				5731BCA221B84E3F004C9591 /* Models */,
				5731BCA421B84E7D004C9591 /* Controllers */,
				5731BC8F21B82FCA004C9591 /* Supporting Files */,
				5731BC8921B82FB0004C9591 /* Info.plist */,
			);
			path = MovieSearch;
			sourceTree = "<group>";
		};
		5731BC8F21B82FCA004C9591 /* Supporting Files */ = {
			isa = PBXGroup;
			children = (
				5731BC7D21B82FAF004C9591 /* AppDelegate.swift */,
				5731BC8121B82FAF004C9591 /* Main.storyboard */,
				5731BC8421B82FB0004C9591 /* Assets.xcassets */,
				5731BC8621B82FB0004C9591 /* LaunchScreen.storyboard */,
			);
			path = "Supporting Files";
			sourceTree = "<group>";
		};
		5731BC9921B83531004C9591 /* MovieSearchAPITests */ = {
			isa = PBXGroup;
			children = (
				5731BC9A21B83531004C9591 /* MovieSearchAPITests.swift */,
				5731BC9C21B83531004C9591 /* Info.plist */,
			);
			path = MovieSearchAPITests;
			sourceTree = "<group>";
		};
		5731BCA221B84E3F004C9591 /* Models */ = {
			isa = PBXGroup;
			children = (
				5731BC9021B82FE1004C9591 /* Movie.swift */,
			);
			path = Models;
			sourceTree = "<group>";
		};
		5731BCA321B84E4D004C9591 /* Network Services */ = {
			isa = PBXGroup;
			children = (
				5731BC9221B82FFA004C9591 /* MovieSearchAPI.swift */,
			);
			path = "Network Services";
			sourceTree = "<group>";
		};
		5731BCA421B84E7D004C9591 /* Controllers */ = {
			isa = PBXGroup;
			children = (
				5731BC7F21B82FAF004C9591 /* MovieSearchController.swift */,
			);
			path = Controllers;
			sourceTree = "<group>";
		};
/* End PBXGroup section */

/* Begin PBXNativeTarget section */
		5731BC7921B82FAF004C9591 /* MovieSearch */ = {
			isa = PBXNativeTarget;
			buildConfigurationList = 5731BC8C21B82FB0004C9591 /* Build configuration list for PBXNativeTarget "MovieSearch" */;
			buildPhases = (
				5731BC7621B82FAF004C9591 /* Sources */,
				5731BC7721B82FAF004C9591 /* Frameworks */,
				5731BC7821B82FAF004C9591 /* Resources */,
			);
			buildRules = (
			);
			dependencies = (
			);
			name = MovieSearch;
			productName = MovieSearch;
			productReference = 5731BC7A21B82FAF004C9591 /* MovieSearch.app */;
			productType = "com.apple.product-type.application";
		};
		5731BC9721B83531004C9591 /* MovieSearchAPITests */ = {
			isa = PBXNativeTarget;
			buildConfigurationList = 5731BC9F21B83531004C9591 /* Build configuration list for PBXNativeTarget "MovieSearchAPITests" */;
			buildPhases = (
				5731BC9421B83531004C9591 /* Sources */,
				5731BC9521B83531004C9591 /* Frameworks */,
				5731BC9621B83531004C9591 /* Resources */,
			);
			buildRules = (
			);
			dependencies = (
				5731BC9E21B83531004C9591 /* PBXTargetDependency */,
			);
			name = MovieSearchAPITests;
			productName = MovieSearchAPITests;
			productReference = 5731BC9821B83531004C9591 /* MovieSearchAPITests.xctest */;
			productType = "com.apple.product-type.bundle.unit-test";
		};
/* End PBXNativeTarget section */

/* Begin PBXProject section */
		5731BC7221B82FAF004C9591 /* Project object */ = {
			isa = PBXProject;
			attributes = {
				LastSwiftUpdateCheck = 1010;
				LastUpgradeCheck = 1010;
				ORGANIZATIONNAME = "Alex Paul";
				TargetAttributes = {
					5731BC7921B82FAF004C9591 = {
						CreatedOnToolsVersion = 10.1;
					};
					5731BC9721B83531004C9591 = {
						CreatedOnToolsVersion = 10.1;
						TestTargetID = 5731BC7921B82FAF004C9591;
					};
				};
			};
			buildConfigurationList = 5731BC7521B82FAF004C9591 /* Build configuration list for PBXProject "MovieSearch" */;
			compatibilityVersion = "Xcode 9.3";
			developmentRegion = en;
			hasScannedForEncodings = 0;
			knownRegions = (
				en,
				Base,
			);
			mainGroup = 5731BC7121B82FAF004C9591;
			productRefGroup = 5731BC7B21B82FAF004C9591 /* Products */;
			projectDirPath = "";
			projectRoot = "";
			targets = (
				5731BC7921B82FAF004C9591 /* MovieSearch */,
				5731BC9721B83531004C9591 /* MovieSearchAPITests */,
			);
		};
/* End PBXProject section */

/* Begin PBXResourcesBuildPhase section */
		5731BC7821B82FAF004C9591 /* Resources */ = {
			isa = PBXResourcesBuildPhase;
			buildActionMask = 2147483647;
			files = (
				5731BC8821B82FB0004C9591 /* LaunchScreen.storyboard in Resources */,
				5731BC8521B82FB0004C9591 /* Assets.xcassets in Resources */,
				5731BC8321B82FAF004C9591 /* Main.storyboard in Resources */,
			);
			runOnlyForDeploymentPostprocessing = 0;
		};
		5731BC9621B83531004C9591 /* Resources */ = {
			isa = PBXResourcesBuildPhase;
			buildActionMask = 2147483647;
			files = (
			);
			runOnlyForDeploymentPostprocessing = 0;
		};
/* End PBXResourcesBuildPhase section */

/* Begin PBXSourcesBuildPhase section */
		5731BC7621B82FAF004C9591 /* Sources */ = {
			isa = PBXSourcesBuildPhase;
			buildActionMask = 2147483647;
			files = (
				5731BC8021B82FAF004C9591 /* MovieSearchController.swift in Sources */,
				5731BC7E21B82FAF004C9591 /* AppDelegate.swift in Sources */,
				5731BC9121B82FE1004C9591 /* Movie.swift in Sources */,
				5731BC9321B82FFA004C9591 /* MovieSearchAPI.swift in Sources */,
			);
			runOnlyForDeploymentPostprocessing = 0;
		};
		5731BC9421B83531004C9591 /* Sources */ = {
			isa = PBXSourcesBuildPhase;
			buildActionMask = 2147483647;
			files = (
				5731BC9B21B83531004C9591 /* MovieSearchAPITests.swift in Sources */,
			);
			runOnlyForDeploymentPostprocessing = 0;
		};
/* End PBXSourcesBuildPhase section */

/* Begin PBXTargetDependency section */
		5731BC9E21B83531004C9591 /* PBXTargetDependency */ = {
			isa = PBXTargetDependency;
			target = 5731BC7921B82FAF004C9591 /* MovieSearch */;
			targetProxy = 5731BC9D21B83531004C9591 /* PBXContainerItemProxy */;
		};
/* End PBXTargetDependency section */

/* Begin PBXVariantGroup section */
		5731BC8121B82FAF004C9591 /* Main.storyboard */ = {
			isa = PBXVariantGroup;
			children = (
				5731BC8221B82FAF004C9591 /* Base */,
			);
			name = Main.storyboard;
			sourceTree = "<group>";
		};
		5731BC8621B82FB0004C9591 /* LaunchScreen.storyboard */ = {
			isa = PBXVariantGroup;
			children = (
				5731BC8721B82FB0004C9591 /* Base */,
			);
			name = LaunchScreen.storyboard;
			sourceTree = "<group>";
		};
/* End PBXVariantGroup section */

/* Begin XCBuildConfiguration section */
		5731BC8A21B82FB0004C9591 /* Debug */ = {
			isa = XCBuildConfiguration;
			buildSettings = {
				ALWAYS_SEARCH_USER_PATHS = NO;
				CLANG_ANALYZER_NONNULL = YES;
				CLANG_ANALYZER_NUMBER_OBJECT_CONVERSION = YES_AGGRESSIVE;
				CLANG_CXX_LANGUAGE_STANDARD = "gnu++14";
				CLANG_CXX_LIBRARY = "libc++";
				CLANG_ENABLE_MODULES = YES;
				CLANG_ENABLE_OBJC_ARC = YES;
				CLANG_ENABLE_OBJC_WEAK = YES;
				CLANG_WARN_BLOCK_CAPTURE_AUTORELEASING = YES;
				CLANG_WARN_BOOL_CONVERSION = YES;
				CLANG_WARN_COMMA = YES;
				CLANG_WARN_CONSTANT_CONVERSION = YES;
				CLANG_WARN_DEPRECATED_OBJC_IMPLEMENTATIONS = YES;
				CLANG_WARN_DIRECT_OBJC_ISA_USAGE = YES_ERROR;
				CLANG_WARN_DOCUMENTATION_COMMENTS = YES;
				CLANG_WARN_EMPTY_BODY = YES;
				CLANG_WARN_ENUM_CONVERSION = YES;
				CLANG_WARN_INFINITE_RECURSION = YES;
				CLANG_WARN_INT_CONVERSION = YES;
				CLANG_WARN_NON_LITERAL_NULL_CONVERSION = YES;
				CLANG_WARN_OBJC_IMPLICIT_RETAIN_SELF = YES;
				CLANG_WARN_OBJC_LITERAL_CONVERSION = YES;
				CLANG_WARN_OBJC_ROOT_CLASS = YES_ERROR;
				CLANG_WARN_RANGE_LOOP_ANALYSIS = YES;
				CLANG_WARN_STRICT_PROTOTYPES = YES;
				CLANG_WARN_SUSPICIOUS_MOVE = YES;
				CLANG_WARN_UNGUARDED_AVAILABILITY = YES_AGGRESSIVE;
				CLANG_WARN_UNREACHABLE_CODE = YES;
				CLANG_WARN__DUPLICATE_METHOD_MATCH = YES;
				CODE_SIGN_IDENTITY = "iPhone Developer";
				COPY_PHASE_STRIP = NO;
				DEBUG_INFORMATION_FORMAT = dwarf;
				ENABLE_STRICT_OBJC_MSGSEND = YES;
				ENABLE_TESTABILITY = YES;
				GCC_C_LANGUAGE_STANDARD = gnu11;
				GCC_DYNAMIC_NO_PIC = NO;
				GCC_NO_COMMON_BLOCKS = YES;
				GCC_OPTIMIZATION_LEVEL = 0;
				GCC_PREPROCESSOR_DEFINITIONS = (
					"DEBUG=1",
					"$(inherited)",
				);
				GCC_WARN_64_TO_32_BIT_CONVERSION = YES;
				GCC_WARN_ABOUT_RETURN_TYPE = YES_ERROR;
				GCC_WARN_UNDECLARED_SELECTOR = YES;
				GCC_WARN_UNINITIALIZED_AUTOS = YES_AGGRESSIVE;
				GCC_WARN_UNUSED_FUNCTION = YES;
				GCC_WARN_UNUSED_VARIABLE = YES;
				IPHONEOS_DEPLOYMENT_TARGET = 12.1;
				MTL_ENABLE_DEBUG_INFO = INCLUDE_SOURCE;
				MTL_FAST_MATH = YES;
				ONLY_ACTIVE_ARCH = YES;
				SDKROOT = iphoneos;
				SWIFT_ACTIVE_COMPILATION_CONDITIONS = DEBUG;
				SWIFT_OPTIMIZATION_LEVEL = "-Onone";
			};
			name = Debug;
		};
		5731BC8B21B82FB0004C9591 /* Release */ = {
			isa = XCBuildConfiguration;
			buildSettings = {
				ALWAYS_SEARCH_USER_PATHS = NO;
				CLANG_ANALYZER_NONNULL = YES;
				CLANG_ANALYZER_NUMBER_OBJECT_CONVERSION = YES_AGGRESSIVE;
				CLANG_CXX_LANGUAGE_STANDARD = "gnu++14";
				CLANG_CXX_LIBRARY = "libc++";
				CLANG_ENABLE_MODULES = YES;
				CLANG_ENABLE_OBJC_ARC = YES;
				CLANG_ENABLE_OBJC_WEAK = YES;
				CLANG_WARN_BLOCK_CAPTURE_AUTORELEASING = YES;
				CLANG_WARN_BOOL_CONVERSION = YES;
				CLANG_WARN_COMMA = YES;
				CLANG_WARN_CONSTANT_CONVERSION = YES;
				CLANG_WARN_DEPRECATED_OBJC_IMPLEMENTATIONS = YES;
				CLANG_WARN_DIRECT_OBJC_ISA_USAGE = YES_ERROR;
				CLANG_WARN_DOCUMENTATION_COMMENTS = YES;
				CLANG_WARN_EMPTY_BODY = YES;
				CLANG_WARN_ENUM_CONVERSION = YES;
				CLANG_WARN_INFINITE_RECURSION = YES;
				CLANG_WARN_INT_CONVERSION = YES;
				CLANG_WARN_NON_LITERAL_NULL_CONVERSION = YES;
				CLANG_WARN_OBJC_IMPLICIT_RETAIN_SELF = YES;
				CLANG_WARN_OBJC_LITERAL_CONVERSION = YES;
				CLANG_WARN_OBJC_ROOT_CLASS = YES_ERROR;
				CLANG_WARN_RANGE_LOOP_ANALYSIS = YES;
				CLANG_WARN_STRICT_PROTOTYPES = YES;
				CLANG_WARN_SUSPICIOUS_MOVE = YES;
				CLANG_WARN_UNGUARDED_AVAILABILITY = YES_AGGRESSIVE;
				CLANG_WARN_UNREACHABLE_CODE = YES;
				CLANG_WARN__DUPLICATE_METHOD_MATCH = YES;
				CODE_SIGN_IDENTITY = "iPhone Developer";
				COPY_PHASE_STRIP = NO;
				DEBUG_INFORMATION_FORMAT = "dwarf-with-dsym";
				ENABLE_NS_ASSERTIONS = NO;
				ENABLE_STRICT_OBJC_MSGSEND = YES;
				GCC_C_LANGUAGE_STANDARD = gnu11;
				GCC_NO_COMMON_BLOCKS = YES;
				GCC_WARN_64_TO_32_BIT_CONVERSION = YES;
				GCC_WARN_ABOUT_RETURN_TYPE = YES_ERROR;
				GCC_WARN_UNDECLARED_SELECTOR = YES;
				GCC_WARN_UNINITIALIZED_AUTOS = YES_AGGRESSIVE;
				GCC_WARN_UNUSED_FUNCTION = YES;
				GCC_WARN_UNUSED_VARIABLE = YES;
				IPHONEOS_DEPLOYMENT_TARGET = 12.1;
				MTL_ENABLE_DEBUG_INFO = NO;
				MTL_FAST_MATH = YES;
				SDKROOT = iphoneos;
				SWIFT_COMPILATION_MODE = wholemodule;
				SWIFT_OPTIMIZATION_LEVEL = "-O";
				VALIDATE_PRODUCT = YES;
			};
			name = Release;
		};
		5731BC8D21B82FB0004C9591 /* Debug */ = {
			isa = XCBuildConfiguration;
			buildSettings = {
				ASSETCATALOG_COMPILER_APPICON_NAME = AppIcon;
				CODE_SIGN_STYLE = Automatic;
				DEVELOPMENT_TEAM = ZEKMNK5YD3;
				INFOPLIST_FILE = MovieSearch/Info.plist;
				LD_RUNPATH_SEARCH_PATHS = (
					"$(inherited)",
					"@executable_path/Frameworks",
				);
				PRODUCT_BUNDLE_IDENTIFIER = com.alexcpaul.MovieSearch;
				PRODUCT_NAME = "$(TARGET_NAME)";
				SWIFT_VERSION = 4.2;
				TARGETED_DEVICE_FAMILY = "1,2";
			};
			name = Debug;
		};
		5731BC8E21B82FB0004C9591 /* Release */ = {
			isa = XCBuildConfiguration;
			buildSettings = {
				ASSETCATALOG_COMPILER_APPICON_NAME = AppIcon;
				CODE_SIGN_STYLE = Automatic;
				DEVELOPMENT_TEAM = ZEKMNK5YD3;
				INFOPLIST_FILE = MovieSearch/Info.plist;
				LD_RUNPATH_SEARCH_PATHS = (
					"$(inherited)",
					"@executable_path/Frameworks",
				);
				PRODUCT_BUNDLE_IDENTIFIER = com.alexcpaul.MovieSearch;
				PRODUCT_NAME = "$(TARGET_NAME)";
				SWIFT_VERSION = 4.2;
				TARGETED_DEVICE_FAMILY = "1,2";
			};
			name = Release;
		};
		5731BCA021B83531004C9591 /* Debug */ = {
			isa = XCBuildConfiguration;
			buildSettings = {
				BUNDLE_LOADER = "$(TEST_HOST)";
				CODE_SIGN_STYLE = Automatic;
				DEVELOPMENT_TEAM = ZEKMNK5YD3;
				INFOPLIST_FILE = MovieSearchAPITests/Info.plist;
				LD_RUNPATH_SEARCH_PATHS = (
					"$(inherited)",
					"@executable_path/Frameworks",
					"@loader_path/Frameworks",
				);
				PRODUCT_BUNDLE_IDENTIFIER = com.alexcpaul.MovieSearchAPITests;
				PRODUCT_NAME = "$(TARGET_NAME)";
				SWIFT_VERSION = 4.2;
				TARGETED_DEVICE_FAMILY = "1,2";
				TEST_HOST = "$(BUILT_PRODUCTS_DIR)/MovieSearch.app/MovieSearch";
			};
			name = Debug;
		};
		5731BCA121B83531004C9591 /* Release */ = {
			isa = XCBuildConfiguration;
			buildSettings = {
				BUNDLE_LOADER = "$(TEST_HOST)";
				CODE_SIGN_STYLE = Automatic;
				DEVELOPMENT_TEAM = ZEKMNK5YD3;
				INFOPLIST_FILE = MovieSearchAPITests/Info.plist;
				LD_RUNPATH_SEARCH_PATHS = (
					"$(inherited)",
					"@executable_path/Frameworks",
					"@loader_path/Frameworks",
				);
				PRODUCT_BUNDLE_IDENTIFIER = com.alexcpaul.MovieSearchAPITests;
				PRODUCT_NAME = "$(TARGET_NAME)";
				SWIFT_VERSION = 4.2;
				TARGETED_DEVICE_FAMILY = "1,2";
				TEST_HOST = "$(BUILT_PRODUCTS_DIR)/MovieSearch.app/MovieSearch";
			};
			name = Release;
		};
/* End XCBuildConfiguration section */

/* Begin XCConfigurationList section */
		5731BC7521B82FAF004C9591 /* Build configuration list for PBXProject "MovieSearch" */ = {
			isa = XCConfigurationList;
			buildConfigurations = (
				5731BC8A21B82FB0004C9591 /* Debug */,
				5731BC8B21B82FB0004C9591 /* Release */,
			);
			defaultConfigurationIsVisible = 0;
			defaultConfigurationName = Release;
		};
		5731BC8C21B82FB0004C9591 /* Build configuration list for PBXNativeTarget "MovieSearch" */ = {
			isa = XCConfigurationList;
			buildConfigurations = (
				5731BC8D21B82FB0004C9591 /* Debug */,
				5731BC8E21B82FB0004C9591 /* Release */,
			);
			defaultConfigurationIsVisible = 0;
			defaultConfigurationName = Release;
		};
		5731BC9F21B83531004C9591 /* Build configuration list for PBXNativeTarget "MovieSearchAPITests" */ = {
			isa = XCConfigurationList;
			buildConfigurations = (
				5731BCA021B83531004C9591 /* Debug */,
				5731BCA121B83531004C9591 /* Release */,
			);
			defaultConfigurationIsVisible = 0;
			defaultConfigurationName = Release;
		};
/* End XCConfigurationList section */
	};
	rootObject = 5731BC7221B82FAF004C9591 /* Project object */;
}
